
Microsoft Visual Studio Solution File, Format Version 12.00
# Visual Studio Version 16
VisualStudioVersion = 16.0.29519.181
MinimumVisualStudioVersion = 10.0.40219.1
Project("{9A19103F-16F7-4668-BE54-9A1E7A4F7556}") = "UOLoader.Contract", "UOLoader.Contract\UOLoader.Contract.csproj", "{7B2BDBCC-70F1-458D-BFF6-0D8225D219AE}"
EndProject
Project("{9A19103F-16F7-4668-BE54-9A1E7A4F7556}") = "UOLoader", "UOLoader\UOLoader.csproj", "{9ABF7B43-3F9C-4391-BC71-9BCBE70E38AF}"
EndProject
Project("{FAE04EC0-301F-11D3-BF4B-00C04F79EFBC}") = "UOLoader.Server", "UOLoader.Server\UOLoader.Server.csproj", "{85BC1230-94BD-45D1-AF6A-688BED08A420}"
EndProject
Global
	GlobalSection(SolutionConfigurationPlatforms) = preSolution
		Debug|Any CPU = Debug|Any CPU
		Release|Any CPU = Release|Any CPU
	EndGlobalSection
	GlobalSection(ProjectConfigurationPlatforms) = postSolution
		{7B2BDBCC-70F1-458D-BFF6-0D8225D219AE}.Debug|Any CPU.ActiveCfg = Debug|Any CPU
		{7B2BDBCC-70F1-458D-BFF6-0D8225D219AE}.Debug|Any CPU.Build.0 = Debug|Any CPU
		{7B2BDBCC-70F1-458D-BFF6-0D8225D219AE}.Release|Any CPU.ActiveCfg = Release|Any CPU
		{7B2BDBCC-70F1-458D-BFF6-0D8225D219AE}.Release|Any CPU.Build.0 = Release|Any CPU
		{9ABF7B43-3F9C-4391-BC71-9BCBE70E38AF}.Debug|Any CPU.ActiveCfg = Debug|Any CPU
		{9ABF7B43-3F9C-4391-BC71-9BCBE70E38AF}.Debug|Any CPU.Build.0 = Debug|Any CPU
		{9ABF7B43-3F9C-4391-BC71-9BCBE70E38AF}.Release|Any CPU.ActiveCfg = Release|Any CPU
		{9ABF7B43-3F9C-4391-BC71-9BCBE70E38AF}.Release|Any CPU.Build.0 = Release|Any CPU
		{85BC1230-94BD-45D1-AF6A-688BED08A420}.Debug|Any CPU.ActiveCfg = Debug|Any CPU
		{85BC1230-94BD-45D1-AF6A-688BED08A420}.Debug|Any CPU.Build.0 = Debug|Any CPU
		{85BC1230-94BD-45D1-AF6A-688BED08A420}.Release|Any CPU.ActiveCfg = Release|Any CPU
		{85BC1230-94BD-45D1-AF6A-688BED08A420}.Release|Any CPU.Build.0 = Release|Any CPU
	EndGlobalSection
	GlobalSection(SolutionProperties) = preSolution
		HideSolutionNode = FALSE
	EndGlobalSection
	GlobalSection(ExtensibilityGlobals) = postSolution
		SolutionGuid = {73F1CFE6-AE1C-4E25-A8EF-39A7AF1C43B3}
	EndGlobalSection
EndGlobal
